
Microsoft Visual Studio Solution File, Format Version 12.00
# Visual Studio Version 16
VisualStudioVersion = 16.0.32630.194
MinimumVisualStudioVersion = 10.0.40219.1
Project("{FAE04EC0-301F-11D3-BF4B-00C04F79EFBC}") = "BaseLab1", "BaseLab1\BaseLab1.csproj", "{045C635A-9C7D-4BA3-93D4-3B20FE74B4D4}"
EndProject
Global
	GlobalSection(SolutionConfigurationPlatforms) = preSolution
		Debug|Any CPU = Debug|Any CPU
		Release|Any CPU = Release|Any CPU
	EndGlobalSection
	GlobalSection(ProjectConfigurationPlatforms) = postSolution
		{045C635A-9C7D-4BA3-93D4-3B20FE74B4D4}.Debug|Any CPU.ActiveCfg = Debug|Any CPU
		{045C635A-9C7D-4BA3-93D4-3B20FE74B4D4}.Debug|Any CPU.Build.0 = Debug|Any CPU
		{045C635A-9C7D-4BA3-93D4-3B20FE74B4D4}.Release|Any CPU.ActiveCfg = Release|Any CPU
		{045C635A-9C7D-4BA3-93D4-3B20FE74B4D4}.Release|Any CPU.Build.0 = Release|Any CPU
	EndGlobalSection
	GlobalSection(SolutionProperties) = preSolution
		HideSolutionNode = FALSE
	EndGlobalSection
	GlobalSection(ExtensibilityGlobals) = postSolution
		SolutionGuid = {3E4ED525-E328-48E4-AC35-3E585CE48436}
	EndGlobalSection
EndGlobal
